
Microsoft Visual Studio Solution File, Format Version 12.00
# Visual Studio Version 17
VisualStudioVersion = 17.2.32519.379
MinimumVisualStudioVersion = 10.0.40219.1
Project("{8BC9CEB8-8B4A-11D0-8D11-00A0C91BC942}") = "ex220630", "ex220630\ex220630.vcxproj", "{D4046B64-FE80-4BBB-96D6-8DC5C3D5F743}"
EndProject
Global
	GlobalSection(SolutionConfigurationPlatforms) = preSolution
		Debug|x64 = Debug|x64
		Debug|x86 = Debug|x86
		Release|x64 = Release|x64
		Release|x86 = Release|x86
	EndGlobalSection
	GlobalSection(ProjectConfigurationPlatforms) = postSolution
		{D4046B64-FE80-4BBB-96D6-8DC5C3D5F743}.Debug|x64.ActiveCfg = Debug|x64
		{D4046B64-FE80-4BBB-96D6-8DC5C3D5F743}.Debug|x64.Build.0 = Debug|x64
		{D4046B64-FE80-4BBB-96D6-8DC5C3D5F743}.Debug|x86.ActiveCfg = Debug|Win32
		{D4046B64-FE80-4BBB-96D6-8DC5C3D5F743}.Debug|x86.Build.0 = Debug|Win32
		{D4046B64-FE80-4BBB-96D6-8DC5C3D5F743}.Release|x64.ActiveCfg = Release|x64
		{D4046B64-FE80-4BBB-96D6-8DC5C3D5F743}.Release|x64.Build.0 = Release|x64
		{D4046B64-FE80-4BBB-96D6-8DC5C3D5F743}.Release|x86.ActiveCfg = Release|Win32
		{D4046B64-FE80-4BBB-96D6-8DC5C3D5F743}.Release|x86.Build.0 = Release|Win32
	EndGlobalSection
	GlobalSection(SolutionProperties) = preSolution
		HideSolutionNode = FALSE
	EndGlobalSection
	GlobalSection(ExtensibilityGlobals) = postSolution
		SolutionGuid = {E04C3C0C-173C-4A45-96D4-8D3ABC91C0D2}
	EndGlobalSection
EndGlobal
